
Microsoft Visual Studio Solution File, Format Version 12.00
# Visual Studio Version 17
VisualStudioVersion = 17.13.35818.85 d17.13
MinimumVisualStudioVersion = 10.0.40219.1
Project("{FAE04EC0-301F-11D3-BF4B-00C04F79EFBC}") = "POE Part1", "POE Part1.csproj", "{B3BD6A82-6873-4731-90E9-D824F8DD9A14}"
EndProject
Global
	GlobalSection(SolutionConfigurationPlatforms) = preSolution
		Debug|Any CPU = Debug|Any CPU
		Release|Any CPU = Release|Any CPU
	EndGlobalSection
	GlobalSection(ProjectConfigurationPlatforms) = postSolution
		{B3BD6A82-6873-4731-90E9-D824F8DD9A14}.Debug|Any CPU.ActiveCfg = Debug|Any CPU
		{B3BD6A82-6873-4731-90E9-D824F8DD9A14}.Debug|Any CPU.Build.0 = Debug|Any CPU
		{B3BD6A82-6873-4731-90E9-D824F8DD9A14}.Release|Any CPU.ActiveCfg = Release|Any CPU
		{B3BD6A82-6873-4731-90E9-D824F8DD9A14}.Release|Any CPU.Build.0 = Release|Any CPU
	EndGlobalSection
	GlobalSection(SolutionProperties) = preSolution
		HideSolutionNode = FALSE
	EndGlobalSection
	GlobalSection(ExtensibilityGlobals) = postSolution
		SolutionGuid = {6F7AB478-6B30-44B1-91E2-CC1D2125E656}
	EndGlobalSection
EndGlobal
